
Microsoft Visual Studio Solution File, Format Version 12.00
# Visual Studio Version 17
VisualStudioVersion = 17.14.37328.6 d17.14
MinimumVisualStudioVersion = 10.0.40219.1
Project("{FAE04EC0-301F-11D3-BF4B-00C04F79EFBC}") = "RoadReady.API", "..\RoadReady.API\RoadReady.API.csproj", "{39A115B8-4B22-FB13-45C5-84FFBCA1236F}"
EndProject
Project("{FAE04EC0-301F-11D3-BF4B-00C04F79EFBC}") = "Road_Ready.Tests", "..\Road_Ready_Tests\Road_Ready.Tests.csproj", "{D5FB8B46-4A1F-4F44-A4D2-EBC88697202E}"
EndProject
Global
	GlobalSection(SolutionConfigurationPlatforms) = preSolution
		Debug|Any CPU = Debug|Any CPU
		Release|Any CPU = Release|Any CPU
	EndGlobalSection
	GlobalSection(ProjectConfigurationPlatforms) = postSolution
		{39A115B8-4B22-FB13-45C5-84FFBCA1236F}.Debug|Any CPU.ActiveCfg = Debug|Any CPU
		{39A115B8-4B22-FB13-45C5-84FFBCA1236F}.Debug|Any CPU.Build.0 = Debug|Any CPU
		{39A115B8-4B22-FB13-45C5-84FFBCA1236F}.Release|Any CPU.ActiveCfg = Release|Any CPU
		{39A115B8-4B22-FB13-45C5-84FFBCA1236F}.Release|Any CPU.Build.0 = Release|Any CPU
		{D5FB8B46-4A1F-4F44-A4D2-EBC88697202E}.Debug|Any CPU.ActiveCfg = Debug|Any CPU
		{D5FB8B46-4A1F-4F44-A4D2-EBC88697202E}.Debug|Any CPU.Build.0 = Debug|Any CPU
		{D5FB8B46-4A1F-4F44-A4D2-EBC88697202E}.Release|Any CPU.ActiveCfg = Release|Any CPU
		{D5FB8B46-4A1F-4F44-A4D2-EBC88697202E}.Release|Any CPU.Build.0 = Release|Any CPU
	EndGlobalSection
	GlobalSection(SolutionProperties) = preSolution
		HideSolutionNode = FALSE
	EndGlobalSection
	GlobalSection(ExtensibilityGlobals) = postSolution
		SolutionGuid = {923BB35F-95FA-4F52-BA17-8FA87AD07F6F}
	EndGlobalSection
EndGlobal
